
Microsoft Visual Studio Solution File, Format Version 12.00
# Visual Studio Version 17
VisualStudioVersion = 17.4.33213.308
MinimumVisualStudioVersion = 10.0.40219.1
Project("{9A19103F-16F7-4668-BE54-9A1E7A4F7556}") = "Entities", "Entities\Entities.csproj", "{E1A257AC-A57F-4312-94AD-A82DC7815C82}"
EndProject
Project("{9A19103F-16F7-4668-BE54-9A1E7A4F7556}") = "DataAccess", "DataAccess\DataAccess.csproj", "{9937E8CE-2CF6-40CD-9356-D27A33407239}"
EndProject
Project("{9A19103F-16F7-4668-BE54-9A1E7A4F7556}") = "Services", "Services\Services.csproj", "{03B2FD5F-D02E-48C2-A287-6783AE8370E0}"
EndProject
Project("{9A19103F-16F7-4668-BE54-9A1E7A4F7556}") = "Helpers", "Helpers\Helpers.csproj", "{C5406F86-1BB8-401B-A467-CD9615E4D75A}"
EndProject
Project("{FAE04EC0-301F-11D3-BF4B-00C04F79EFBC}") = "DarkWebKiller", "DarkWebKiller\DarkWebKiller.csproj", "{5A332C11-CAFB-441D-A8E3-364CB063806A}"
EndProject
Global
	GlobalSection(SolutionConfigurationPlatforms) = preSolution
		Debug|Any CPU = Debug|Any CPU
		Release|Any CPU = Release|Any CPU
	EndGlobalSection
	GlobalSection(ProjectConfigurationPlatforms) = postSolution
		{E1A257AC-A57F-4312-94AD-A82DC7815C82}.Debug|Any CPU.ActiveCfg = Debug|Any CPU
		{E1A257AC-A57F-4312-94AD-A82DC7815C82}.Debug|Any CPU.Build.0 = Debug|Any CPU
		{E1A257AC-A57F-4312-94AD-A82DC7815C82}.Release|Any CPU.ActiveCfg = Release|Any CPU
		{E1A257AC-A57F-4312-94AD-A82DC7815C82}.Release|Any CPU.Build.0 = Release|Any CPU
		{9937E8CE-2CF6-40CD-9356-D27A33407239}.Debug|Any CPU.ActiveCfg = Debug|Any CPU
		{9937E8CE-2CF6-40CD-9356-D27A33407239}.Debug|Any CPU.Build.0 = Debug|Any CPU
		{9937E8CE-2CF6-40CD-9356-D27A33407239}.Release|Any CPU.ActiveCfg = Release|Any CPU
		{9937E8CE-2CF6-40CD-9356-D27A33407239}.Release|Any CPU.Build.0 = Release|Any CPU
		{03B2FD5F-D02E-48C2-A287-6783AE8370E0}.Debug|Any CPU.ActiveCfg = Debug|Any CPU
		{03B2FD5F-D02E-48C2-A287-6783AE8370E0}.Debug|Any CPU.Build.0 = Debug|Any CPU
		{03B2FD5F-D02E-48C2-A287-6783AE8370E0}.Release|Any CPU.ActiveCfg = Release|Any CPU
		{03B2FD5F-D02E-48C2-A287-6783AE8370E0}.Release|Any CPU.Build.0 = Release|Any CPU
		{C5406F86-1BB8-401B-A467-CD9615E4D75A}.Debug|Any CPU.ActiveCfg = Debug|Any CPU
		{C5406F86-1BB8-401B-A467-CD9615E4D75A}.Debug|Any CPU.Build.0 = Debug|Any CPU
		{C5406F86-1BB8-401B-A467-CD9615E4D75A}.Release|Any CPU.ActiveCfg = Release|Any CPU
		{C5406F86-1BB8-401B-A467-CD9615E4D75A}.Release|Any CPU.Build.0 = Release|Any CPU
		{5A332C11-CAFB-441D-A8E3-364CB063806A}.Debug|Any CPU.ActiveCfg = Debug|Any CPU
		{5A332C11-CAFB-441D-A8E3-364CB063806A}.Debug|Any CPU.Build.0 = Debug|Any CPU
		{5A332C11-CAFB-441D-A8E3-364CB063806A}.Release|Any CPU.ActiveCfg = Release|Any CPU
		{5A332C11-CAFB-441D-A8E3-364CB063806A}.Release|Any CPU.Build.0 = Release|Any CPU
	EndGlobalSection
	GlobalSection(SolutionProperties) = preSolution
		HideSolutionNode = FALSE
	EndGlobalSection
	GlobalSection(ExtensibilityGlobals) = postSolution
		SolutionGuid = {CC533EE8-601E-405D-A1C1-50313959E560}
	EndGlobalSection
EndGlobal
